# THIS IS AN AUTOGENERATED FILE. DO NOT EDIT THIS FILE DIRECTLY.
# yarn lockfile v1


chart.js@3.7.1:
  version "3.7.1"
  resolved "https://registry.yarnpkg.com/chart.js/-/chart.js-3.7.1.tgz#0516f690c6a8680c6c707e31a4c1807a6f400ada"
  integrity sha512-8knRegQLFnPQAheZV8MjxIXc5gQEfDFD897BJgv/klO/vtIyFFmgMXrNfgrXpbTr/XbTturxRgxIXx/Y+ASJBA==
