# THIS IS AN AUTOGENERATED FILE. DO NOT EDIT THIS FILE DIRECTLY.
# yarn lockfile v1


chart.js@3.8.0:
  version "3.8.0"
  resolved "https://registry.yarnpkg.com/chart.js/-/chart.js-3.8.0.tgz#c6c14c457b9dc3ce7f1514a59e9b262afd6f1a94"
  integrity sha512-cr8xhrXjLIXVLOBZPkBZVF6NDeiVIrPLHcMhnON7UufudL+CNeRrD+wpYanswlm8NpudMdrt3CHoLMQMxJhHRg==
