# THIS IS AN AUTOGENERATED FILE. DO NOT EDIT THIS FILE DIRECTLY.
# yarn lockfile v1


chart.js@3.5.0:
  version "3.5.0"
  resolved "https://registry.yarnpkg.com/chart.js/-/chart.js-3.5.0.tgz#6eb075332d4ebbbb20a94e5a07a234052ed6c4fb"
  integrity sha512-J1a4EAb1Gi/KbhwDRmoovHTRuqT8qdF0kZ4XgwxpGethJHUdDrkqyPYwke0a+BuvSeUxPf8Cos6AX2AB8H8GLA==
